
Microsoft Visual Studio Solution File, Format Version 12.00
# Visual Studio Version 17
VisualStudioVersion = 17.13.35931.197 d17.13
MinimumVisualStudioVersion = 10.0.40219.1
Project("{FAE04EC0-301F-11D3-BF4B-00C04F79EFBC}") = "LeaveManagemenrSystemnew", "LeaveManagemenrSystemnew.csproj", "{A46633B2-9814-457A-B5D0-1828326F1986}"
EndProject
Global
	GlobalSection(SolutionConfigurationPlatforms) = preSolution
		Debug|Any CPU = Debug|Any CPU
		Release|Any CPU = Release|Any CPU
	EndGlobalSection
	GlobalSection(ProjectConfigurationPlatforms) = postSolution
		{A46633B2-9814-457A-B5D0-1828326F1986}.Debug|Any CPU.ActiveCfg = Debug|Any CPU
		{A46633B2-9814-457A-B5D0-1828326F1986}.Debug|Any CPU.Build.0 = Debug|Any CPU
		{A46633B2-9814-457A-B5D0-1828326F1986}.Release|Any CPU.ActiveCfg = Release|Any CPU
		{A46633B2-9814-457A-B5D0-1828326F1986}.Release|Any CPU.Build.0 = Release|Any CPU
	EndGlobalSection
	GlobalSection(SolutionProperties) = preSolution
		HideSolutionNode = FALSE
	EndGlobalSection
	GlobalSection(ExtensibilityGlobals) = postSolution
		SolutionGuid = {6CBC2423-F1CF-42B2-AE6F-BDA5C5FF6115}
	EndGlobalSection
EndGlobal
